Microsoft Visual Studio Solution File, Format Version 12.00
# Visual Studio Version 17
VisualStudioVersion = 17.5.2.0
MinimumVisualStudioVersion = 10.0.40219.1
Project("{FAE04EC0-301F-11D3-BF4B-00C04F79EFBC}") = "MyCourse_Custom", "MyCourse_Custom.csproj", "{2076FFC3-ECBF-8FA5-D987-C1C526B7D475}"
EndProject
Global
	GlobalSection(SolutionConfigurationPlatforms) = preSolution
		Debug|Any CPU = Debug|Any CPU
		Release|Any CPU = Release|Any CPU
	EndGlobalSection
	GlobalSection(ProjectConfigurationPlatforms) = postSolution
		{2076FFC3-ECBF-8FA5-D987-C1C526B7D475}.Debug|Any CPU.ActiveCfg = Debug|Any CPU
		{2076FFC3-ECBF-8FA5-D987-C1C526B7D475}.Debug|Any CPU.Build.0 = Debug|Any CPU
		{2076FFC3-ECBF-8FA5-D987-C1C526B7D475}.Release|Any CPU.ActiveCfg = Release|Any CPU
		{2076FFC3-ECBF-8FA5-D987-C1C526B7D475}.Release|Any CPU.Build.0 = Release|Any CPU
	EndGlobalSection
	GlobalSection(SolutionProperties) = preSolution
		HideSolutionNode = FALSE
	EndGlobalSection
	GlobalSection(ExtensibilityGlobals) = postSolution
		SolutionGuid = {3563382B-70BD-442A-B4A0-8D1D8610CB40}
	EndGlobalSection
EndGlobal
